
Microsoft Visual Studio Solution File, Format Version 12.00
# Visual Studio Version 17
VisualStudioVersion = 17.2.32616.157
MinimumVisualStudioVersion = 10.0.40219.1
Project("{FAE04EC0-301F-11D3-BF4B-00C04F79EFBC}") = "Tabuada", "Tabuada\Tabuada.csproj", "{3C92C0C1-5A2A-4930-A0BC-F3FC72712380}"
EndProject
Global
	GlobalSection(SolutionConfigurationPlatforms) = preSolution
		Debug|Any CPU = Debug|Any CPU
		Release|Any CPU = Release|Any CPU
	EndGlobalSection
	GlobalSection(ProjectConfigurationPlatforms) = postSolution
		{3C92C0C1-5A2A-4930-A0BC-F3FC72712380}.Debug|Any CPU.ActiveCfg = Debug|Any CPU
		{3C92C0C1-5A2A-4930-A0BC-F3FC72712380}.Debug|Any CPU.Build.0 = Debug|Any CPU
		{3C92C0C1-5A2A-4930-A0BC-F3FC72712380}.Release|Any CPU.ActiveCfg = Release|Any CPU
		{3C92C0C1-5A2A-4930-A0BC-F3FC72712380}.Release|Any CPU.Build.0 = Release|Any CPU
	EndGlobalSection
	GlobalSection(SolutionProperties) = preSolution
		HideSolutionNode = FALSE
	EndGlobalSection
	GlobalSection(ExtensibilityGlobals) = postSolution
		SolutionGuid = {FCB1C670-92D2-4DED-AE38-B1303F18F76F}
	EndGlobalSection
EndGlobal
